// !$*UTF8*$!
{
	archiveVersion = 1;
	classes = {
	};
	objectVersion = 56;
	objects = {

/* Begin PBXBuildFile section */
		AF1C9E8F2BE3B145001148D5 /* AppDelegate.swift in Sources */ = {isa = PBXBuildFile; fileRef = AF1C9E8E2BE3B145001148D5 /* AppDelegate.swift */; };
		AF1C9E912BE3B145001148D5 /* SceneDelegate.swift in Sources */ = {isa = PBXBuildFile; fileRef = AF1C9E902BE3B145001148D5 /* SceneDelegate.swift */; };
		AF1C9E932BE3B145001148D5 /* ViewController.swift in Sources */ = {isa = PBXBuildFile; fileRef = AF1C9E922BE3B145001148D5 /* ViewController.swift */; };
		AF1C9E962BE3B145001148D5 /* Main.storyboard in Resources */ = {isa = PBXBuildFile; fileRef = AF1C9E942BE3B145001148D5 /* Main.storyboard */; };
		AF1C9E982BE3B146001148D5 /* Assets.xcassets in Resources */ = {isa = PBXBuildFile; fileRef = AF1C9E972BE3B146001148D5 /* Assets.xcassets */; };
		AF1C9E9B2BE3B146001148D5 /* LaunchScreen.storyboard in Resources */ = {isa = PBXBuildFile; fileRef = AF1C9E992BE3B146001148D5 /* LaunchScreen.storyboard */; };
		F8C463C46A86199128EBC15E /* Pods_CocoapodsBySample.framework in Frameworks */ = {isa = PBXBuildFile; fileRef = 0D258AF424CA9A8A8B585211 /* Pods_CocoapodsBySample.framework */; };
/* End PBXBuildFile section */

/* Begin PBXFileReference section */
		0D258AF424CA9A8A8B585211 /* Pods_CocoapodsBySample.framework */ = {isa = PBXFileReference; explicitFileType = wrapper.framework; includeInIndex = 0; path = Pods_CocoapodsBySample.framework; sourceTree = BUILT_PRODUCTS_DIR; };
		35871C7CB4C203C0C7206AE1 /* Pods-CocoapodsBySample.debug.xcconfig */ = {isa = PBXFileReference; includeInIndex = 1; lastKnownFileType = text.xcconfig; name = "Pods-CocoapodsBySample.debug.xcconfig"; path = "Target Support Files/Pods-CocoapodsBySample/Pods-CocoapodsBySample.debug.xcconfig"; sourceTree = "<group>"; };
		AF1C9E8B2BE3B145001148D5 /* CocoapodsBySample.app */ = {isa = PBXFileReference; explicitFileType = wrapper.application; includeInIndex = 0; path = CocoapodsBySample.app; sourceTree = BUILT_PRODUCTS_DIR; };
		AF1C9E8E2BE3B145001148D5 /* AppDelegate.swift */ = {isa = PBXFileReference; lastKnownFileType = sourcecode.swift; path = AppDelegate.swift; sourceTree = "<group>"; };
		AF1C9E902BE3B145001148D5 /* SceneDelegate.swift */ = {isa = PBXFileReference; lastKnownFileType = sourcecode.swift; path = SceneDelegate.swift; sourceTree = "<group>"; };
		AF1C9E922BE3B145001148D5 /* ViewController.swift */ = {isa = PBXFileReference; lastKnownFileType = sourcecode.swift; path = ViewController.swift; sourceTree = "<group>"; };
		AF1C9E952BE3B145001148D5 /* Base */ = {isa = PBXFileReference; lastKnownFileType = file.storyboard; name = Base; path = Base.lproj/Main.storyboard; sourceTree = "<group>"; };
		AF1C9E972BE3B146001148D5 /* Assets.xcassets */ = {isa = PBXFileReference; lastKnownFileType = folder.assetcatalog; path = Assets.xcassets; sourceTree = "<group>"; };
		AF1C9E9A2BE3B146001148D5 /* Base */ = {isa = PBXFileReference; lastKnownFileType = file.storyboard; name = Base; path = Base.lproj/LaunchScreen.storyboard; sourceTree = "<group>"; };
		AF1C9E9C2BE3B146001148D5 /* Info.plist */ = {isa = PBXFileReference; lastKnownFileType = text.plist.xml; path = Info.plist; sourceTree = "<group>"; };
		C15BAB7C0C9A4EE6DC141482 /* Pods-CocoapodsBySample.release.xcconfig */ = {isa = PBXFileReference; includeInIndex = 1; lastKnownFileType = text.xcconfig; name = "Pods-CocoapodsBySample.release.xcconfig"; path = "Target Support Files/Pods-CocoapodsBySample/Pods-CocoapodsBySample.release.xcconfig"; sourceTree = "<group>"; };
/* End PBXFileReference section */

/* Begin PBXFrameworksBuildPhase section */
		AF1C9E882BE3B145001148D5 /* Frameworks */ = {
			isa = PBXFrameworksBuildPhase;
			buildActionMask = 2147483647;
			files = (
				F8C463C46A86199128EBC15E /* Pods_CocoapodsBySample.framework in Frameworks */,
			);
			runOnlyForDeploymentPostprocessing = 0;
		};
/* End PBXFrameworksBuildPhase section */

/* Begin PBXGroup section */
		560EE0A84D1CA565F77107A9 /* Pods */ = {
			isa = PBXGroup;
			children = (
				35871C7CB4C203C0C7206AE1 /* Pods-CocoapodsBySample.debug.xcconfig */,
				C15BAB7C0C9A4EE6DC141482 /* Pods-CocoapodsBySample.release.xcconfig */,
			);
			name = Pods;
			path = Pods;
			sourceTree = "<group>";
		};
		AF1C9E822BE3B145001148D5 = {
			isa = PBXGroup;
			children = (
				AF1C9E8D2BE3B145001148D5 /* CocoapodsBySample */,
				AF1C9E8C2BE3B145001148D5 /* Products */,
				560EE0A84D1CA565F77107A9 /* Pods */,
				E93E7CED01F2EFFF3820ACDA /* Frameworks */,
			);
			sourceTree = "<group>";
		};
		AF1C9E8C2BE3B145001148D5 /* Products */ = {
			isa = PBXGroup;
			children = (
				AF1C9E8B2BE3B145001148D5 /* CocoapodsBySample.app */,
			);
			name = Products;
			sourceTree = "<group>";
		};
		AF1C9E8D2BE3B145001148D5 /* CocoapodsBySample */ = {
			isa = PBXGroup;
			children = (
				AF1C9E8E2BE3B145001148D5 /* AppDelegate.swift */,
				AF1C9E902BE3B145001148D5 /* SceneDelegate.swift */,
				AF1C9E922BE3B145001148D5 /* ViewController.swift */,
				AF1C9E942BE3B145001148D5 /* Main.storyboard */,
				AF1C9E972BE3B146001148D5 /* Assets.xcassets */,
				AF1C9E992BE3B146001148D5 /* LaunchScreen.storyboard */,
				AF1C9E9C2BE3B146001148D5 /* Info.plist */,
			);
			path = CocoapodsBySample;
			sourceTree = "<group>";
		};
		E93E7CED01F2EFFF3820ACDA /* Frameworks */ = {
			isa = PBXGroup;
			children = (
				0D258AF424CA9A8A8B585211 /* Pods_CocoapodsBySample.framework */,
			);
			name = Frameworks;
			sourceTree = "<group>";
		};
/* End PBXGroup section */

/* Begin PBXNativeTarget section */
		AF1C9E8A2BE3B145001148D5 /* CocoapodsBySample */ = {
			isa = PBXNativeTarget;
			buildConfigurationList = AF1C9E9F2BE3B146001148D5 /* Build configuration list for PBXNativeTarget "CocoapodsBySample" */;
			buildPhases = (
				1848E55CE15442D1BFCE0151 /* [CP] Check Pods Manifest.lock */,
				AF1C9E872BE3B145001148D5 /* Sources */,
				AF1C9E882BE3B145001148D5 /* Frameworks */,
				AF1C9E892BE3B145001148D5 /* Resources */,
				ED098E5918BA133DC6A79EE6 /* [CP] Embed Pods Frameworks */,
			);
			buildRules = (
			);
			dependencies = (
			);
			name = CocoapodsBySample;
			productName = CocoapodsBySample;
			productReference = AF1C9E8B2BE3B145001148D5 /* CocoapodsBySample.app */;
			productType = "com.apple.product-type.application";
		};
/* End PBXNativeTarget section */

/* Begin PBXProject section */
		AF1C9E832BE3B145001148D5 /* Project object */ = {
			isa = PBXProject;
			attributes = {
				BuildIndependentTargetsInParallel = 1;
				LastSwiftUpdateCheck = 1520;
				LastUpgradeCheck = 1520;
				TargetAttributes = {
					AF1C9E8A2BE3B145001148D5 = {
						CreatedOnToolsVersion = 15.2;
					};
				};
			};
			buildConfigurationList = AF1C9E862BE3B145001148D5 /* Build configuration list for PBXProject "CocoapodsBySample" */;
			compatibilityVersion = "Xcode 14.0";
			developmentRegion = en;
			hasScannedForEncodings = 0;
			knownRegions = (
				en,
				Base,
			);
			mainGroup = AF1C9E822BE3B145001148D5;
			productRefGroup = AF1C9E8C2BE3B145001148D5 /* Products */;
			projectDirPath = "";
			projectRoot = "";
			targets = (
				AF1C9E8A2BE3B145001148D5 /* CocoapodsBySample */,
			);
		};
/* End PBXProject section */

/* Begin PBXResourcesBuildPhase section */
		AF1C9E892BE3B145001148D5 /* Resources */ = {
			isa = PBXResourcesBuildPhase;
			buildActionMask = 2147483647;
			files = (
				AF1C9E9B2BE3B146001148D5 /* LaunchScreen.storyboard in Resources */,
				AF1C9E982BE3B146001148D5 /* Assets.xcassets in Resources */,
				AF1C9E962BE3B145001148D5 /* Main.storyboard in Resources */,
			);
			runOnlyForDeploymentPostprocessing = 0;
		};
/* End PBXResourcesBuildPhase section */

/* Begin PBXShellScriptBuildPhase section */
		1848E55CE15442D1BFCE0151 /* [CP] Check Pods Manifest.lock */ = {
			isa = PBXShellScriptBuildPhase;
			buildActionMask = 2147483647;
			files = (
			);
			inputFileListPaths = (
			);
			inputPaths = (
				"${PODS_PODFILE_DIR_PATH}/Podfile.lock",
				"${PODS_ROOT}/Manifest.lock",
			);
			name = "[CP] Check Pods Manifest.lock";
			outputFileListPaths = (
			);
			outputPaths = (
				"$(DERIVED_FILE_DIR)/Pods-CocoapodsBySample-checkManifestLockResult.txt",
			);
			runOnlyForDeploymentPostprocessing = 0;
			shellPath = /bin/sh;
			shellScript = "diff \"${PODS_PODFILE_DIR_PATH}/Podfile.lock\" \"${PODS_ROOT}/Manifest.lock\" > /dev/null\nif [ $? != 0 ] ; then\n    # print error to STDERR\n    echo \"error: The sandbox is not in sync with the Podfile.lock. Run 'pod install' or update your CocoaPods installation.\" >&2\n    exit 1\nfi\n# This output is used by Xcode 'outputs' to avoid re-running this script phase.\necho \"SUCCESS\" > \"${SCRIPT_OUTPUT_FILE_0}\"\n";
			showEnvVarsInLog = 0;
		};
		ED098E5918BA133DC6A79EE6 /* [CP] Embed Pods Frameworks */ = {
			isa = PBXShellScriptBuildPhase;
			buildActionMask = 2147483647;
			files = (
			);
			inputFileListPaths = (
				"${PODS_ROOT}/Target Support Files/Pods-CocoapodsBySample/Pods-CocoapodsBySample-frameworks-${CONFIGURATION}-input-files.xcfilelist",
			);
			name = "[CP] Embed Pods Frameworks";
			outputFileListPaths = (
				"${PODS_ROOT}/Target Support Files/Pods-CocoapodsBySample/Pods-CocoapodsBySample-frameworks-${CONFIGURATION}-output-files.xcfilelist",
			);
			runOnlyForDeploymentPostprocessing = 0;
			shellPath = /bin/sh;
			shellScript = "\"${PODS_ROOT}/Target Support Files/Pods-CocoapodsBySample/Pods-CocoapodsBySample-frameworks.sh\"\n";
			showEnvVarsInLog = 0;
		};
/* End PBXShellScriptBuildPhase section */

/* Begin PBXSourcesBuildPhase section */
		AF1C9E872BE3B145001148D5 /* Sources */ = {
			isa = PBXSourcesBuildPhase;
			buildActionMask = 2147483647;
			files = (
				AF1C9E932BE3B145001148D5 /* ViewController.swift in Sources */,
				AF1C9E8F2BE3B145001148D5 /* AppDelegate.swift in Sources */,
				AF1C9E912BE3B145001148D5 /* SceneDelegate.swift in Sources */,
			);
			runOnlyForDeploymentPostprocessing = 0;
		};
/* End PBXSourcesBuildPhase section */

/* Begin PBXVariantGroup section */
		AF1C9E942BE3B145001148D5 /* Main.storyboard */ = {
			isa = PBXVariantGroup;
			children = (
				AF1C9E952BE3B145001148D5 /* Base */,
			);
			name = Main.storyboard;
			sourceTree = "<group>";
		};
		AF1C9E992BE3B146001148D5 /* LaunchScreen.storyboard */ = {
			isa = PBXVariantGroup;
			children = (
				AF1C9E9A2BE3B146001148D5 /* Base */,
			);
			name = LaunchScreen.storyboard;
			sourceTree = "<group>";
		};
/* End PBXVariantGroup section */

/* Begin XCBuildConfiguration section */
		AF1C9E9D2BE3B146001148D5 /* Debug */ = {
			isa = XCBuildConfiguration;
			buildSettings = {
				ALWAYS_SEARCH_USER_PATHS = NO;
				ASSETCATALOG_COMPILER_GENERATE_SWIFT_ASSET_SYMBOL_EXTENSIONS = YES;
				CLANG_ANALYZER_NONNULL = YES;
				CLANG_ANALYZER_NUMBER_OBJECT_CONVERSION = YES_AGGRESSIVE;
				CLANG_CXX_LANGUAGE_STANDARD = "gnu++20";
				CLANG_ENABLE_MODULES = YES;
				CLANG_ENABLE_OBJC_ARC = YES;
				CLANG_ENABLE_OBJC_WEAK = YES;
				CLANG_WARN_BLOCK_CAPTURE_AUTORELEASING = YES;
				CLANG_WARN_BOOL_CONVERSION = YES;
				CLANG_WARN_COMMA = YES;
				CLANG_WARN_CONSTANT_CONVERSION = YES;
				CLANG_WARN_DEPRECATED_OBJC_IMPLEMENTATIONS = YES;
				CLANG_WARN_DIRECT_OBJC_ISA_USAGE = YES_ERROR;
				CLANG_WARN_DOCUMENTATION_COMMENTS = YES;
				CLANG_WARN_EMPTY_BODY = YES;
				CLANG_WARN_ENUM_CONVERSION = YES;
				CLANG_WARN_INFINITE_RECURSION = YES;
				CLANG_WARN_INT_CONVERSION = YES;
				CLANG_WARN_NON_LITERAL_NULL_CONVERSION = YES;
				CLANG_WARN_OBJC_IMPLICIT_RETAIN_SELF = YES;
				CLANG_WARN_OBJC_LITERAL_CONVERSION = YES;
				CLANG_WARN_OBJC_ROOT_CLASS = YES_ERROR;
				CLANG_WARN_QUOTED_INCLUDE_IN_FRAMEWORK_HEADER = YES;
				CLANG_WARN_RANGE_LOOP_ANALYSIS = YES;
				CLANG_WARN_STRICT_PROTOTYPES = YES;
				CLANG_WARN_SUSPICIOUS_MOVE = YES;
				CLANG_WARN_UNGUARDED_AVAILABILITY = YES_AGGRESSIVE;
				CLANG_WARN_UNREACHABLE_CODE = YES;
				CLANG_WARN__DUPLICATE_METHOD_MATCH = YES;
				COPY_PHASE_STRIP = NO;
				DEBUG_INFORMATION_FORMAT = dwarf;
				ENABLE_STRICT_OBJC_MSGSEND = YES;
				ENABLE_TESTABILITY = YES;
				ENABLE_USER_SCRIPT_SANDBOXING = YES;
				GCC_C_LANGUAGE_STANDARD = gnu17;
				GCC_DYNAMIC_NO_PIC = NO;
				GCC_NO_COMMON_BLOCKS = YES;
				GCC_OPTIMIZATION_LEVEL = 0;
				GCC_PREPROCESSOR_DEFINITIONS = (
					"DEBUG=1",
					"$(inherited)",
				);
				GCC_WARN_64_TO_32_BIT_CONVERSION = YES;
				GCC_WARN_ABOUT_RETURN_TYPE = YES_ERROR;
				GCC_WARN_UNDECLARED_SELECTOR = YES;
				GCC_WARN_UNINITIALIZED_AUTOS = YES_AGGRESSIVE;
				GCC_WARN_UNUSED_FUNCTION = YES;
				GCC_WARN_UNUSED_VARIABLE = YES;
				IPHONEOS_DEPLOYMENT_TARGET = 17.2;
				LOCALIZATION_PREFERS_STRING_CATALOGS = YES;
				MTL_ENABLE_DEBUG_INFO = INCLUDE_SOURCE;
				MTL_FAST_MATH = YES;
				ONLY_ACTIVE_ARCH = YES;
				SDKROOT = iphoneos;
				SWIFT_ACTIVE_COMPILATION_CONDITIONS = "DEBUG $(inherited)";
				SWIFT_OPTIMIZATION_LEVEL = "-Onone";
			};
			name = Debug;
		};
		AF1C9E9E2BE3B146001148D5 /* Release */ = {
			isa = XCBuildConfiguration;
			buildSettings = {
				ALWAYS_SEARCH_USER_PATHS = NO;
				ASSETCATALOG_COMPILER_GENERATE_SWIFT_ASSET_SYMBOL_EXTENSIONS = YES;
				CLANG_ANALYZER_NONNULL = YES;
				CLANG_ANALYZER_NUMBER_OBJECT_CONVERSION = YES_AGGRESSIVE;
				CLANG_CXX_LANGUAGE_STANDARD = "gnu++20";
				CLANG_ENABLE_MODULES = YES;
				CLANG_ENABLE_OBJC_ARC = YES;
				CLANG_ENABLE_OBJC_WEAK = YES;
				CLANG_WARN_BLOCK_CAPTURE_AUTORELEASING = YES;
				CLANG_WARN_BOOL_CONVERSION = YES;
				CLANG_WARN_COMMA = YES;
				CLANG_WARN_CONSTANT_CONVERSION = YES;
				CLANG_WARN_DEPRECATED_OBJC_IMPLEMENTATIONS = YES;
				CLANG_WARN_DIRECT_OBJC_ISA_USAGE = YES_ERROR;
				CLANG_WARN_DOCUMENTATION_COMMENTS = YES;
				CLANG_WARN_EMPTY_BODY = YES;
				CLANG_WARN_ENUM_CONVERSION = YES;
				CLANG_WARN_INFINITE_RECURSION = YES;
				CLANG_WARN_INT_CONVERSION = YES;
				CLANG_WARN_NON_LITERAL_NULL_CONVERSION = YES;
				CLANG_WARN_OBJC_IMPLICIT_RETAIN_SELF = YES;
				CLANG_WARN_OBJC_LITERAL_CONVERSION = YES;
				CLANG_WARN_OBJC_ROOT_CLASS = YES_ERROR;
				CLANG_WARN_QUOTED_INCLUDE_IN_FRAMEWORK_HEADER = YES;
				CLANG_WARN_RANGE_LOOP_ANALYSIS = YES;
				CLANG_WARN_STRICT_PROTOTYPES = YES;
				CLANG_WARN_SUSPICIOUS_MOVE = YES;
				CLANG_WARN_UNGUARDED_AVAILABILITY = YES_AGGRESSIVE;
				CLANG_WARN_UNREACHABLE_CODE = YES;
				CLANG_WARN__DUPLICATE_METHOD_MATCH = YES;
				COPY_PHASE_STRIP = NO;
				DEBUG_INFORMATION_FORMAT = "dwarf-with-dsym";
				ENABLE_NS_ASSERTIONS = NO;
				ENABLE_STRICT_OBJC_MSGSEND = YES;
				ENABLE_USER_SCRIPT_SANDBOXING = YES;
				GCC_C_LANGUAGE_STANDARD = gnu17;
				GCC_NO_COMMON_BLOCKS = YES;
				GCC_WARN_64_TO_32_BIT_CONVERSION = YES;
				GCC_WARN_ABOUT_RETURN_TYPE = YES_ERROR;
				GCC_WARN_UNDECLARED_SELECTOR = YES;
				GCC_WARN_UNINITIALIZED_AUTOS = YES_AGGRESSIVE;
				GCC_WARN_UNUSED_FUNCTION = YES;
				GCC_WARN_UNUSED_VARIABLE = YES;
				IPHONEOS_DEPLOYMENT_TARGET = 17.2;
				LOCALIZATION_PREFERS_STRING_CATALOGS = YES;
				MTL_ENABLE_DEBUG_INFO = NO;
				MTL_FAST_MATH = YES;
				SDKROOT = iphoneos;
				SWIFT_COMPILATION_MODE = wholemodule;
				VALIDATE_PRODUCT = YES;
			};
			name = Release;
		};
		AF1C9EA02BE3B146001148D5 /* Debug */ = {
			isa = XCBuildConfiguration;
			baseConfigurationReference = 35871C7CB4C203C0C7206AE1 /* Pods-CocoapodsBySample.debug.xcconfig */;
			buildSettings = {
				ASSETCATALOG_COMPILER_APPICON_NAME = AppIcon;
				ASSETCATALOG_COMPILER_GLOBAL_ACCENT_COLOR_NAME = AccentColor;
				CODE_SIGN_STYLE = Automatic;
				CURRENT_PROJECT_VERSION = 1;
				DEVELOPMENT_TEAM = 59XYW74885;
				GENERATE_INFOPLIST_FILE = YES;
				INFOPLIST_FILE = CocoapodsBySample/Info.plist;
				INFOPLIST_KEY_UIApplicationSupportsIndirectInputEvents = YES;
				INFOPLIST_KEY_UILaunchStoryboardName = LaunchScreen;
				INFOPLIST_KEY_UIMainStoryboardFile = Main;
				INFOPLIST_KEY_UISupportedInterfaceOrientations_iPad = "UIInterfaceOrientationPortrait UIInterfaceOrientationPortraitUpsideDown UIInterfaceOrientationLandscapeLeft UIInterfaceOrientationLandscapeRight";
				INFOPLIST_KEY_UISupportedInterfaceOrientations_iPhone = "UIInterfaceOrientationPortrait UIInterfaceOrientationLandscapeLeft UIInterfaceOrientationLandscapeRight";
				LD_RUNPATH_SEARCH_PATHS = (
					"$(inherited)",
					"@executable_path/Frameworks",
				);
				MARKETING_VERSION = 1.0;
				PRODUCT_BUNDLE_IDENTIFIER = com.nicolocurioni.CocoapodsBySample;
				PRODUCT_NAME = "$(TARGET_NAME)";
				SWIFT_EMIT_LOC_STRINGS = YES;
				SWIFT_VERSION = 5.0;
				TARGETED_DEVICE_FAMILY = "1,2";
			};
			name = Debug;
		};
		AF1C9EA12BE3B146001148D5 /* Release */ = {
			isa = XCBuildConfiguration;
			baseConfigurationReference = C15BAB7C0C9A4EE6DC141482 /* Pods-CocoapodsBySample.release.xcconfig */;
			buildSettings = {
				ASSETCATALOG_COMPILER_APPICON_NAME = AppIcon;
				ASSETCATALOG_COMPILER_GLOBAL_ACCENT_COLOR_NAME = AccentColor;
				CODE_SIGN_STYLE = Automatic;
				CURRENT_PROJECT_VERSION = 1;
				DEVELOPMENT_TEAM = 59XYW74885;
				GENERATE_INFOPLIST_FILE = YES;
				INFOPLIST_FILE = CocoapodsBySample/Info.plist;
				INFOPLIST_KEY_UIApplicationSupportsIndirectInputEvents = YES;
				INFOPLIST_KEY_UILaunchStoryboardName = LaunchScreen;
				INFOPLIST_KEY_UIMainStoryboardFile = Main;
				INFOPLIST_KEY_UISupportedInterfaceOrientations_iPad = "UIInterfaceOrientationPortrait UIInterfaceOrientationPortraitUpsideDown UIInterfaceOrientationLandscapeLeft UIInterfaceOrientationLandscapeRight";
				INFOPLIST_KEY_UISupportedInterfaceOrientations_iPhone = "UIInterfaceOrientationPortrait UIInterfaceOrientationLandscapeLeft UIInterfaceOrientationLandscapeRight";
				LD_RUNPATH_SEARCH_PATHS = (
					"$(inherited)",
					"@executable_path/Frameworks",
				);
				MARKETING_VERSION = 1.0;
				PRODUCT_BUNDLE_IDENTIFIER = com.nicolocurioni.CocoapodsBySample;
				PRODUCT_NAME = "$(TARGET_NAME)";
				SWIFT_EMIT_LOC_STRINGS = YES;
				SWIFT_VERSION = 5.0;
				TARGETED_DEVICE_FAMILY = "1,2";
			};
			name = Release;
		};
/* End XCBuildConfiguration section */

/* Begin XCConfigurationList section */
		AF1C9E862BE3B145001148D5 /* Build configuration list for PBXProject "CocoapodsBySample" */ = {
			isa = XCConfigurationList;
			buildConfigurations = (
				AF1C9E9D2BE3B146001148D5 /* Debug */,
				AF1C9E9E2BE3B146001148D5 /* Release */,
			);
			defaultConfigurationIsVisible = 0;
			defaultConfigurationName = Release;
		};
		AF1C9E9F2BE3B146001148D5 /* Build configuration list for PBXNativeTarget "CocoapodsBySample" */ = {
			isa = XCConfigurationList;
			buildConfigurations = (
				AF1C9EA02BE3B146001148D5 /* Debug */,
				AF1C9EA12BE3B146001148D5 /* Release */,
			);
			defaultConfigurationIsVisible = 0;
			defaultConfigurationName = Release;
		};
/* End XCConfigurationList section */
	};
	rootObject = AF1C9E832BE3B145001148D5 /* Project object */;
}
